
Microsoft Visual Studio Solution File, Format Version 12.00
# Visual Studio Version 17
VisualStudioVersion = 17.4.32916.344
MinimumVisualStudioVersion = 10.0.40219.1
Project("{9A19103F-16F7-4668-BE54-9A1E7A4F7556}") = "Catalog.API", "Services\Catalog\Catalog.API\Catalog.API.csproj", "{9D7D8721-B86A-4353-B893-CF1009CCADE9}"
EndProject
Project("{2150E333-8FDC-42A3-9474-1A3956D46DE8}") = "Services", "Services", "{8B70F738-4FB9-4AFF-8515-0EE6ED31164E}"
EndProject
Project("{2150E333-8FDC-42A3-9474-1A3956D46DE8}") = "Catalog", "Catalog", "{5569F508-2836-4438-874E-85AE7F7BE850}"
EndProject
Project("{9A19103F-16F7-4668-BE54-9A1E7A4F7556}") = "Catalog.Application", "Services\Catalog\Catalog.Application\Catalog.Application.csproj", "{DE83281E-E082-4B69-851D-F4394D21DDAF}"
EndProject
Project("{9A19103F-16F7-4668-BE54-9A1E7A4F7556}") = "Catalog.DataAccess", "Services\Catalog\Catalog.DataAccess\Catalog.DataAccess.csproj", "{C389516B-7E5C-4E85-9663-EF139E0DC3E7}"
EndProject
Project("{9A19103F-16F7-4668-BE54-9A1E7A4F7556}") = "Catalog.Domains", "Services\Catalog\Catalog.Domains\Catalog.Domains.csproj", "{E95DA2EA-E93C-4E23-A635-644EF8F4CF45}"
EndProject
Project("{E53339B2-1760-4266-BCC7-CA923CBCF16C}") = "docker-compose", "docker-compose.dcproj", "{B3D4D37B-2D9E-4FD9-8C88-FD46EC2A863E}"
EndProject
Project("{9A19103F-16F7-4668-BE54-9A1E7A4F7556}") = "MessagesAndEvents", "Messages\MessagesAndEvents.csproj", "{4ABA81FA-B80D-435E-BFEE-61C5376EAA5C}"
EndProject
Project("{2150E333-8FDC-42A3-9474-1A3956D46DE8}") = "Basket", "Basket", "{922ABD68-07B9-4FEA-8120-612096C14C31}"
EndProject
Project("{9A19103F-16F7-4668-BE54-9A1E7A4F7556}") = "Basket.API", "Services\Basket\Basket.API\Basket.API\Basket.API.csproj", "{C2ADDA33-DB26-403F-BA7D-44CCE3E87D96}"
EndProject
Project("{2150E333-8FDC-42A3-9474-1A3956D46DE8}") = "Messages", "Messages", "{9CE4DAEE-965A-409F-8AAC-A64EE68F2B3E}"
EndProject
Project("{2150E333-8FDC-42A3-9474-1A3956D46DE8}") = "Notification", "Notification", "{FF95FCCE-5E3E-49C1-B38E-67F3ADE1D1EA}"
EndProject
Project("{FAE04EC0-301F-11D3-BF4B-00C04F79EFBC}") = "MailNotification", "Services\Notification\Mail\MailNotification\MailNotification.csproj", "{DE26702D-9235-4CA3-B75E-34DDC607B5BB}"
EndProject
Project("{2150E333-8FDC-42A3-9474-1A3956D46DE8}") = "Mail", "Mail", "{B853E62B-E2A8-4FD5-949C-2248C104CF40}"
EndProject
Project("{2150E333-8FDC-42A3-9474-1A3956D46DE8}") = "Order", "Order", "{9D8B01F7-0445-4FBA-AC1B-EF2047526389}"
EndProject
Project("{FAE04EC0-301F-11D3-BF4B-00C04F79EFBC}") = "Order.API", "Services\Order\Order.API\Order.API\Order.API.csproj", "{1E4A8C5B-2DFE-4B0C-B15A-DE768B1353D9}"
EndProject
Project("{2150E333-8FDC-42A3-9474-1A3956D46DE8}") = "Stock", "Stock", "{2A81CEEC-C885-4867-9858-0EF29DD60F96}"
EndProject
Project("{FAE04EC0-301F-11D3-BF4B-00C04F79EFBC}") = "Stock.API", "Services\Stock\Stock.API\Stock.API\Stock.API.csproj", "{979F2BA8-4BEE-4A46-BFEC-D7F9A6897307}"
EndProject
Project("{2150E333-8FDC-42A3-9474-1A3956D46DE8}") = "Payment", "Payment", "{268667B7-75DD-4642-A647-A5683E7EF9AF}"
EndProject
Project("{2150E333-8FDC-42A3-9474-1A3956D46DE8}") = "Shipment", "Shipment", "{C72453DF-D2B7-48D3-8A39-D3746F5C349F}"
EndProject
Project("{FAE04EC0-301F-11D3-BF4B-00C04F79EFBC}") = "Payment.API", "Services\Payment\Payment.API\Payment.API\Payment.API.csproj", "{7A320816-3D65-478C-942B-576D77B66822}"
EndProject
Project("{FAE04EC0-301F-11D3-BF4B-00C04F79EFBC}") = "Shipment.API", "Services\Shipment\Shipment.API\Shipment.API\Shipment.API.csproj", "{DA15CE44-F4B0-4AA7-8796-EAB7A880F819}"
EndProject
Global
	GlobalSection(SolutionConfigurationPlatforms) = preSolution
		Debug|Any CPU = Debug|Any CPU
		Release|Any CPU = Release|Any CPU
	EndGlobalSection
	GlobalSection(ProjectConfigurationPlatforms) = postSolution
		{9D7D8721-B86A-4353-B893-CF1009CCADE9}.Debug|Any CPU.ActiveCfg = Debug|Any CPU
		{9D7D8721-B86A-4353-B893-CF1009CCADE9}.Debug|Any CPU.Build.0 = Debug|Any CPU
		{9D7D8721-B86A-4353-B893-CF1009CCADE9}.Release|Any CPU.ActiveCfg = Release|Any CPU
		{9D7D8721-B86A-4353-B893-CF1009CCADE9}.Release|Any CPU.Build.0 = Release|Any CPU
		{DE83281E-E082-4B69-851D-F4394D21DDAF}.Debug|Any CPU.ActiveCfg = Debug|Any CPU
		{DE83281E-E082-4B69-851D-F4394D21DDAF}.Debug|Any CPU.Build.0 = Debug|Any CPU
		{DE83281E-E082-4B69-851D-F4394D21DDAF}.Release|Any CPU.ActiveCfg = Release|Any CPU
		{DE83281E-E082-4B69-851D-F4394D21DDAF}.Release|Any CPU.Build.0 = Release|Any CPU
		{C389516B-7E5C-4E85-9663-EF139E0DC3E7}.Debug|Any CPU.ActiveCfg = Debug|Any CPU
		{C389516B-7E5C-4E85-9663-EF139E0DC3E7}.Debug|Any CPU.Build.0 = Debug|Any CPU
		{C389516B-7E5C-4E85-9663-EF139E0DC3E7}.Release|Any CPU.ActiveCfg = Release|Any CPU
		{C389516B-7E5C-4E85-9663-EF139E0DC3E7}.Release|Any CPU.Build.0 = Release|Any CPU
		{E95DA2EA-E93C-4E23-A635-644EF8F4CF45}.Debug|Any CPU.ActiveCfg = Debug|Any CPU
		{E95DA2EA-E93C-4E23-A635-644EF8F4CF45}.Debug|Any CPU.Build.0 = Debug|Any CPU
		{E95DA2EA-E93C-4E23-A635-644EF8F4CF45}.Release|Any CPU.ActiveCfg = Release|Any CPU
		{E95DA2EA-E93C-4E23-A635-644EF8F4CF45}.Release|Any CPU.Build.0 = Release|Any CPU
		{B3D4D37B-2D9E-4FD9-8C88-FD46EC2A863E}.Debug|Any CPU.ActiveCfg = Debug|Any CPU
		{B3D4D37B-2D9E-4FD9-8C88-FD46EC2A863E}.Debug|Any CPU.Build.0 = Debug|Any CPU
		{B3D4D37B-2D9E-4FD9-8C88-FD46EC2A863E}.Release|Any CPU.ActiveCfg = Release|Any CPU
		{B3D4D37B-2D9E-4FD9-8C88-FD46EC2A863E}.Release|Any CPU.Build.0 = Release|Any CPU
		{4ABA81FA-B80D-435E-BFEE-61C5376EAA5C}.Debug|Any CPU.ActiveCfg = Debug|Any CPU
		{4ABA81FA-B80D-435E-BFEE-61C5376EAA5C}.Debug|Any CPU.Build.0 = Debug|Any CPU
		{4ABA81FA-B80D-435E-BFEE-61C5376EAA5C}.Release|Any CPU.ActiveCfg = Release|Any CPU
		{4ABA81FA-B80D-435E-BFEE-61C5376EAA5C}.Release|Any CPU.Build.0 = Release|Any CPU
		{C2ADDA33-DB26-403F-BA7D-44CCE3E87D96}.Debug|Any CPU.ActiveCfg = Debug|Any CPU
		{C2ADDA33-DB26-403F-BA7D-44CCE3E87D96}.Debug|Any CPU.Build.0 = Debug|Any CPU
		{C2ADDA33-DB26-403F-BA7D-44CCE3E87D96}.Release|Any CPU.ActiveCfg = Release|Any CPU
		{C2ADDA33-DB26-403F-BA7D-44CCE3E87D96}.Release|Any CPU.Build.0 = Release|Any CPU
		{DE26702D-9235-4CA3-B75E-34DDC607B5BB}.Debug|Any CPU.ActiveCfg = Debug|Any CPU
		{DE26702D-9235-4CA3-B75E-34DDC607B5BB}.Debug|Any CPU.Build.0 = Debug|Any CPU
		{DE26702D-9235-4CA3-B75E-34DDC607B5BB}.Release|Any CPU.ActiveCfg = Release|Any CPU
		{DE26702D-9235-4CA3-B75E-34DDC607B5BB}.Release|Any CPU.Build.0 = Release|Any CPU
		{1E4A8C5B-2DFE-4B0C-B15A-DE768B1353D9}.Debug|Any CPU.ActiveCfg = Debug|Any CPU
		{1E4A8C5B-2DFE-4B0C-B15A-DE768B1353D9}.Debug|Any CPU.Build.0 = Debug|Any CPU
		{1E4A8C5B-2DFE-4B0C-B15A-DE768B1353D9}.Release|Any CPU.ActiveCfg = Release|Any CPU
		{1E4A8C5B-2DFE-4B0C-B15A-DE768B1353D9}.Release|Any CPU.Build.0 = Release|Any CPU
		{979F2BA8-4BEE-4A46-BFEC-D7F9A6897307}.Debug|Any CPU.ActiveCfg = Debug|Any CPU
		{979F2BA8-4BEE-4A46-BFEC-D7F9A6897307}.Debug|Any CPU.Build.0 = Debug|Any CPU
		{979F2BA8-4BEE-4A46-BFEC-D7F9A6897307}.Release|Any CPU.ActiveCfg = Release|Any CPU
		{979F2BA8-4BEE-4A46-BFEC-D7F9A6897307}.Release|Any CPU.Build.0 = Release|Any CPU
		{7A320816-3D65-478C-942B-576D77B66822}.Debug|Any CPU.ActiveCfg = Debug|Any CPU
		{7A320816-3D65-478C-942B-576D77B66822}.Debug|Any CPU.Build.0 = Debug|Any CPU
		{7A320816-3D65-478C-942B-576D77B66822}.Release|Any CPU.ActiveCfg = Release|Any CPU
		{7A320816-3D65-478C-942B-576D77B66822}.Release|Any CPU.Build.0 = Release|Any CPU
		{DA15CE44-F4B0-4AA7-8796-EAB7A880F819}.Debug|Any CPU.ActiveCfg = Debug|Any CPU
		{DA15CE44-F4B0-4AA7-8796-EAB7A880F819}.Debug|Any CPU.Build.0 = Debug|Any CPU
		{DA15CE44-F4B0-4AA7-8796-EAB7A880F819}.Release|Any CPU.ActiveCfg = Release|Any CPU
		{DA15CE44-F4B0-4AA7-8796-EAB7A880F819}.Release|Any CPU.Build.0 = Release|Any CPU
	EndGlobalSection
	GlobalSection(SolutionProperties) = preSolution
		HideSolutionNode = FALSE
	EndGlobalSection
	GlobalSection(NestedProjects) = preSolution
		{9D7D8721-B86A-4353-B893-CF1009CCADE9} = {5569F508-2836-4438-874E-85AE7F7BE850}
		{5569F508-2836-4438-874E-85AE7F7BE850} = {8B70F738-4FB9-4AFF-8515-0EE6ED31164E}
		{DE83281E-E082-4B69-851D-F4394D21DDAF} = {5569F508-2836-4438-874E-85AE7F7BE850}
		{C389516B-7E5C-4E85-9663-EF139E0DC3E7} = {5569F508-2836-4438-874E-85AE7F7BE850}
		{E95DA2EA-E93C-4E23-A635-644EF8F4CF45} = {5569F508-2836-4438-874E-85AE7F7BE850}
		{4ABA81FA-B80D-435E-BFEE-61C5376EAA5C} = {9CE4DAEE-965A-409F-8AAC-A64EE68F2B3E}
		{922ABD68-07B9-4FEA-8120-612096C14C31} = {8B70F738-4FB9-4AFF-8515-0EE6ED31164E}
		{C2ADDA33-DB26-403F-BA7D-44CCE3E87D96} = {922ABD68-07B9-4FEA-8120-612096C14C31}
		{FF95FCCE-5E3E-49C1-B38E-67F3ADE1D1EA} = {8B70F738-4FB9-4AFF-8515-0EE6ED31164E}
		{DE26702D-9235-4CA3-B75E-34DDC607B5BB} = {B853E62B-E2A8-4FD5-949C-2248C104CF40}
		{B853E62B-E2A8-4FD5-949C-2248C104CF40} = {FF95FCCE-5E3E-49C1-B38E-67F3ADE1D1EA}
		{9D8B01F7-0445-4FBA-AC1B-EF2047526389} = {8B70F738-4FB9-4AFF-8515-0EE6ED31164E}
		{1E4A8C5B-2DFE-4B0C-B15A-DE768B1353D9} = {9D8B01F7-0445-4FBA-AC1B-EF2047526389}
		{2A81CEEC-C885-4867-9858-0EF29DD60F96} = {8B70F738-4FB9-4AFF-8515-0EE6ED31164E}
		{979F2BA8-4BEE-4A46-BFEC-D7F9A6897307} = {2A81CEEC-C885-4867-9858-0EF29DD60F96}
		{268667B7-75DD-4642-A647-A5683E7EF9AF} = {8B70F738-4FB9-4AFF-8515-0EE6ED31164E}
		{C72453DF-D2B7-48D3-8A39-D3746F5C349F} = {8B70F738-4FB9-4AFF-8515-0EE6ED31164E}
		{7A320816-3D65-478C-942B-576D77B66822} = {268667B7-75DD-4642-A647-A5683E7EF9AF}
		{DA15CE44-F4B0-4AA7-8796-EAB7A880F819} = {C72453DF-D2B7-48D3-8A39-D3746F5C349F}
	EndGlobalSection
	GlobalSection(ExtensibilityGlobals) = postSolution
		SolutionGuid = {1E5E511C-CAF5-4A07-B73E-AB5549A933CF}
	EndGlobalSection
EndGlobal
